
Microsoft Visual Studio Solution File, Format Version 12.00
# Visual Studio Version 17
VisualStudioVersion = 17.10.35013.160
MinimumVisualStudioVersion = 10.0.40219.1
Project("{FAE04EC0-301F-11D3-BF4B-00C04F79EFBC}") = "AspireDemo", "AspireDemo\AspireDemo.csproj", "{BD2F0F88-71E9-4AE0-BFBB-E526400CE24B}"
EndProject
Project("{FAE04EC0-301F-11D3-BF4B-00C04F79EFBC}") = "ServiceDefaults", "ServiceDefaults\ServiceDefaults.csproj", "{6EB3E42E-DBC1-4342-8652-001ED500514A}"
EndProject
Project("{9A19103F-16F7-4668-BE54-9A1E7A4F7556}") = "AspireDemo.Api", "AspireDemo.Api\AspireDemo.Api.csproj", "{067682C2-1805-455F-A31A-EF96BED7CD8A}"
EndProject
Global
	GlobalSection(SolutionConfigurationPlatforms) = preSolution
		Debug|Any CPU = Debug|Any CPU
		Release|Any CPU = Release|Any CPU
	EndGlobalSection
	GlobalSection(ProjectConfigurationPlatforms) = postSolution
		{BD2F0F88-71E9-4AE0-BFBB-E526400CE24B}.Debug|Any CPU.ActiveCfg = Debug|Any CPU
		{BD2F0F88-71E9-4AE0-BFBB-E526400CE24B}.Debug|Any CPU.Build.0 = Debug|Any CPU
		{BD2F0F88-71E9-4AE0-BFBB-E526400CE24B}.Release|Any CPU.ActiveCfg = Release|Any CPU
		{BD2F0F88-71E9-4AE0-BFBB-E526400CE24B}.Release|Any CPU.Build.0 = Release|Any CPU
		{6EB3E42E-DBC1-4342-8652-001ED500514A}.Debug|Any CPU.ActiveCfg = Debug|Any CPU
		{6EB3E42E-DBC1-4342-8652-001ED500514A}.Debug|Any CPU.Build.0 = Debug|Any CPU
		{6EB3E42E-DBC1-4342-8652-001ED500514A}.Release|Any CPU.ActiveCfg = Release|Any CPU
		{6EB3E42E-DBC1-4342-8652-001ED500514A}.Release|Any CPU.Build.0 = Release|Any CPU
		{067682C2-1805-455F-A31A-EF96BED7CD8A}.Debug|Any CPU.ActiveCfg = Debug|Any CPU
		{067682C2-1805-455F-A31A-EF96BED7CD8A}.Debug|Any CPU.Build.0 = Debug|Any CPU
		{067682C2-1805-455F-A31A-EF96BED7CD8A}.Release|Any CPU.ActiveCfg = Release|Any CPU
		{067682C2-1805-455F-A31A-EF96BED7CD8A}.Release|Any CPU.Build.0 = Release|Any CPU
	EndGlobalSection
	GlobalSection(SolutionProperties) = preSolution
		HideSolutionNode = FALSE
	EndGlobalSection
	GlobalSection(ExtensibilityGlobals) = postSolution
		SolutionGuid = {6F5E7451-0008-4BD7-AA48-3F32280309EA}
	EndGlobalSection
EndGlobal
